
Microsoft Visual Studio Solution File, Format Version 12.00
# Visual Studio Version 17
VisualStudioVersion = 17.1.32319.34
MinimumVisualStudioVersion = 10.0.40219.1
Project("{9A19103F-16F7-4668-BE54-9A1E7A4F7556}") = "DotsAndBoxes", "DotsAndBoxes\DotsAndBoxes.csproj", "{6DCDE80B-4038-4B68-BF18-EB590721594A}"
EndProject
Global
	GlobalSection(SolutionConfigurationPlatforms) = preSolution
		Debug|Any CPU = Debug|Any CPU
		Release|Any CPU = Release|Any CPU
	EndGlobalSection
	GlobalSection(ProjectConfigurationPlatforms) = postSolution
		{6DCDE80B-4038-4B68-BF18-EB590721594A}.Debug|Any CPU.ActiveCfg = Debug|Any CPU
		{6DCDE80B-4038-4B68-BF18-EB590721594A}.Debug|Any CPU.Build.0 = Debug|Any CPU
		{6DCDE80B-4038-4B68-BF18-EB590721594A}.Release|Any CPU.ActiveCfg = Release|Any CPU
		{6DCDE80B-4038-4B68-BF18-EB590721594A}.Release|Any CPU.Build.0 = Release|Any CPU
	EndGlobalSection
	GlobalSection(SolutionProperties) = preSolution
		HideSolutionNode = FALSE
	EndGlobalSection
	GlobalSection(ExtensibilityGlobals) = postSolution
		SolutionGuid = {082925C1-52DF-40E0-8A2C-708B6AD70FF4}
	EndGlobalSection
EndGlobal
